PODS:
  - GoogleMaps (2.7.0):
    - GoogleMaps/Maps (= 2.7.0)
  - GoogleMaps/Base (2.7.0)
  - GoogleMaps/Maps (2.7.0):
    - GoogleMaps/Base
  - RxCocoa (4.5.0):
    - RxSwift (>= 4.4.2, ~> 4.4)
  - RxGoogleMaps (3.1.0):
    - GoogleMaps
    - RxCocoa
    - RxSwift
  - RxSwift (4.5.0)

DEPENDENCIES:
  - RxGoogleMaps (from `./`)

SPEC REPOS:
  https://github.com/cocoapods/specs.git:
    - GoogleMaps
    - RxCocoa
    - RxSwift

EXTERNAL SOURCES:
  RxGoogleMaps:
    :path: "./"

SPEC CHECKSUMS:
  GoogleMaps: f79af95cb24d869457b1f961c93d3ce8b2f3b848
  RxCocoa: cbf70265dc65a981d4ac982e513c10cf23df24a0
  RxGoogleMaps: 2234c478bd4f7fd0e47b779699b388043ede86a3
  RxSwift: f172070dfd1a93d70a9ab97a5a01166206e1c575

PODFILE CHECKSUM: 5ddedf02cee7bfec75a7b664a996fde670dfb87b

COCOAPODS: 1.5.2
